
Microsoft Visual Studio Solution File, Format Version 12.00
# Visual Studio 15
VisualStudioVersion = 15.0.27703.2042
MinimumVisualStudioVersion = 10.0.40219.1
Project("{FAE04EC0-301F-11D3-BF4B-00C04F79EFBC}") = "ILAManagementPro.Web", "ILAManagementPro.Web\ILAManagementPro.Web.csproj", "{7A830EB7-2254-4EBB-9112-3C8BBE20C104}"
EndProject
Global
	GlobalSection(SolutionConfigurationPlatforms) = preSolution
		Debug|Any CPU = Debug|Any CPU
		Release|Any CPU = Release|Any CPU
	EndGlobalSection
	GlobalSection(ProjectConfigurationPlatforms) = postSolution
		{7A830EB7-2254-4EBB-9112-3C8BBE20C104}.Debug|Any CPU.ActiveCfg = Debug|Any CPU
		{7A830EB7-2254-4EBB-9112-3C8BBE20C104}.Debug|Any CPU.Build.0 = Debug|Any CPU
		{7A830EB7-2254-4EBB-9112-3C8BBE20C104}.Release|Any CPU.ActiveCfg = Release|Any CPU
		{7A830EB7-2254-4EBB-9112-3C8BBE20C104}.Release|Any CPU.Build.0 = Release|Any CPU
	EndGlobalSection
	GlobalSection(SolutionProperties) = preSolution
		HideSolutionNode = FALSE
	EndGlobalSection
	GlobalSection(ExtensibilityGlobals) = postSolution
		SolutionGuid = {1DDEE4CD-F256-41AD-88B9-B1421C45070E}
	EndGlobalSection
EndGlobal
